
Microsoft Visual Studio Solution File, Format Version 12.00
# Visual Studio Version 16
VisualStudioVersion = 16.0.30011.22
MinimumVisualStudioVersion = 10.0.40219.1
Project("{FAE04EC0-301F-11D3-BF4B-00C04F79EFBC}") = "AuthorizedPeopleWeb", "AuthorizedPeopleWeb.csproj", "{DDB094C2-D12B-4A34-956E-CB71B000DE69}"
EndProject
Global
	GlobalSection(SolutionConfigurationPlatforms) = preSolution
		Debug|Any CPU = Debug|Any CPU
		Release|Any CPU = Release|Any CPU
	EndGlobalSection
	GlobalSection(ProjectConfigurationPlatforms) = postSolution
		{DDB094C2-D12B-4A34-956E-CB71B000DE69}.Debug|Any CPU.ActiveCfg = Debug|Any CPU
		{DDB094C2-D12B-4A34-956E-CB71B000DE69}.Debug|Any CPU.Build.0 = Debug|Any CPU
		{DDB094C2-D12B-4A34-956E-CB71B000DE69}.Release|Any CPU.ActiveCfg = Release|Any CPU
		{DDB094C2-D12B-4A34-956E-CB71B000DE69}.Release|Any CPU.Build.0 = Release|Any CPU
	EndGlobalSection
	GlobalSection(SolutionProperties) = preSolution
		HideSolutionNode = FALSE
	EndGlobalSection
	GlobalSection(ExtensibilityGlobals) = postSolution
		SolutionGuid = {021B2117-6D1D-44F9-AF08-EF9629898069}
	EndGlobalSection
EndGlobal
